
Microsoft Visual Studio Solution File, Format Version 12.00
# Visual Studio 14
VisualStudioVersion = 14.0.25420.1
MinimumVisualStudioVersion = 10.0.40219.1
Project("{FAE04EC0-301F-11D3-BF4B-00C04F79EFBC}") = "ASP.NET Release Tool", "ASP.NET Release Tool\ASP.NET Release Tool.csproj", "{0B4F0690-A303-4004-B89C-85F889D3DD0D}"
EndProject
Global
	GlobalSection(SolutionConfigurationPlatforms) = preSolution
		Debug|Any CPU = Debug|Any CPU
		Release|Any CPU = Release|Any CPU
	EndGlobalSection
	GlobalSection(ProjectConfigurationPlatforms) = postSolution
		{0B4F0690-A303-4004-B89C-85F889D3DD0D}.Debug|Any CPU.ActiveCfg = Debug|Any CPU
		{0B4F0690-A303-4004-B89C-85F889D3DD0D}.Debug|Any CPU.Build.0 = Debug|Any CPU
		{0B4F0690-A303-4004-B89C-85F889D3DD0D}.Release|Any CPU.ActiveCfg = Release|Any CPU
		{0B4F0690-A303-4004-B89C-85F889D3DD0D}.Release|Any CPU.Build.0 = Release|Any CPU
	EndGlobalSection
	GlobalSection(SolutionProperties) = preSolution
		HideSolutionNode = FALSE
	EndGlobalSection
EndGlobal
